
Microsoft Visual Studio Solution File, Format Version 12.00
# Visual Studio Version 17
VisualStudioVersion = 17.5.002.0
MinimumVisualStudioVersion = 10.0.40219.1
Project("{9A19103F-16F7-4668-BE54-9A1E7A4F7556}") = "Turnkey-challenge", "Turnkey-challenge.csproj", "{FE30AAF0-E78E-42EE-86BB-CA947CD880DA}"
EndProject
Global
	GlobalSection(SolutionConfigurationPlatforms) = preSolution
		Debug|Any CPU = Debug|Any CPU
		Release|Any CPU = Release|Any CPU
	EndGlobalSection
	GlobalSection(ProjectConfigurationPlatforms) = postSolution
		{FE30AAF0-E78E-42EE-86BB-CA947CD880DA}.Debug|Any CPU.ActiveCfg = Debug|Any CPU
		{FE30AAF0-E78E-42EE-86BB-CA947CD880DA}.Debug|Any CPU.Build.0 = Debug|Any CPU
		{FE30AAF0-E78E-42EE-86BB-CA947CD880DA}.Release|Any CPU.ActiveCfg = Release|Any CPU
		{FE30AAF0-E78E-42EE-86BB-CA947CD880DA}.Release|Any CPU.Build.0 = Release|Any CPU
	EndGlobalSection
	GlobalSection(SolutionProperties) = preSolution
		HideSolutionNode = FALSE
	EndGlobalSection
	GlobalSection(ExtensibilityGlobals) = postSolution
		SolutionGuid = {6F0C549E-35E5-453C-BE68-BDEBA72DD9CB}
	EndGlobalSection
EndGlobal
